// !$*UTF8*$!
{
	archiveVersion = 1;
	classes = {
	};
	objectVersion = 46;
	objects = {

/* Begin PBXBuildFile section */
		5151F74B1D76DBE600D125F5 /* main.m in Sources */ = {isa = PBXBuildFile; fileRef = 5151F74A1D76DBE600D125F5 /* main.m */; };
		5151F7541D76DBE600D125F5 /* Main.storyboard in Resources */ = {isa = PBXBuildFile; fileRef = 5151F7521D76DBE600D125F5 /* Main.storyboard */; };
		5151F7561D76DBE600D125F5 /* Assets.xcassets in Resources */ = {isa = PBXBuildFile; fileRef = 5151F7551D76DBE600D125F5 /* Assets.xcassets */; };
		5151F7591D76DBE600D125F5 /* LaunchScreen.storyboard in Resources */ = {isa = PBXBuildFile; fileRef = 5151F7571D76DBE600D125F5 /* LaunchScreen.storyboard */; };
		5151F7641D76DBE600D125F5 /* mqttPrTests.m in Sources */ = {isa = PBXBuildFile; fileRef = 5151F7631D76DBE600D125F5 /* mqttPrTests.m */; };
		5151F76F1D76DBE600D125F5 /* mqttPrUITests.m in Sources */ = {isa = PBXBuildFile; fileRef = 5151F76E1D76DBE600D125F5 /* mqttPrUITests.m */; };
		66899A4DCB96AA9329AE2292 /* Pods_mqttPrUITests.framework in Frameworks */ = {isa = PBXBuildFile; fileRef = FF77BDD0B3DCA6ECB291B6EF /* Pods_mqttPrUITests.framework */; };
		76A62466CFA12DEB9087B34D /* Pods_mqttPrTests.framework in Frameworks */ = {isa = PBXBuildFile; fileRef = 406811A94B7C6E578AAE2D80 /* Pods_mqttPrTests.framework */; };
		D782E6E81D812FE100794EF7 /* AppDelegate.m in Sources */ = {isa = PBXBuildFile; fileRef = D782E6DD1D812FE000794EF7 /* AppDelegate.m */; };
		D782E6E91D812FE100794EF7 /* AwsLoginProvider.m in Sources */ = {isa = PBXBuildFile; fileRef = D782E6DF1D812FE000794EF7 /* AwsLoginProvider.m */; };
		D782E6EA1D812FE100794EF7 /* ConnectionController.m in Sources */ = {isa = PBXBuildFile; fileRef = D782E6E11D812FE100794EF7 /* ConnectionController.m */; };
		D782E6EB1D812FE100794EF7 /* DeveloperAuthenticatedIdentityProvider.m in Sources */ = {isa = PBXBuildFile; fileRef = D782E6E31D812FE100794EF7 /* DeveloperAuthenticatedIdentityProvider.m */; };
		D782E6EC1D812FE100794EF7 /* SubscriptionController.m in Sources */ = {isa = PBXBuildFile; fileRef = D782E6E51D812FE100794EF7 /* SubscriptionController.m */; };
		D782E6ED1D812FE100794EF7 /* ViewController.m in Sources */ = {isa = PBXBuildFile; fileRef = D782E6E71D812FE100794EF7 /* ViewController.m */; };
		F30DA8ECC5F3BA8FC79C0FA7 /* Pods_mqttPr.framework in Frameworks */ = {isa = PBXBuildFile; fileRef = 7A5DCAD8C6E2AE0692BC6324 /* Pods_mqttPr.framework */; };
/* End PBXBuildFile section */

/* Begin PBXContainerItemProxy section */
		5151F7601D76DBE600D125F5 /* PBXContainerItemProxy */ = {
			isa = PBXContainerItemProxy;
			containerPortal = 5151F73E1D76DBE600D125F5 /* Project object */;
			proxyType = 1;
			remoteGlobalIDString = 5151F7451D76DBE600D125F5;
			remoteInfo = mqttPr;
		};
		5151F76B1D76DBE600D125F5 /* PBXContainerItemProxy */ = {
			isa = PBXContainerItemProxy;
			containerPortal = 5151F73E1D76DBE600D125F5 /* Project object */;
			proxyType = 1;
			remoteGlobalIDString = 5151F7451D76DBE600D125F5;
			remoteInfo = mqttPr;
		};
/* End PBXContainerItemProxy section */

/* Begin PBXFileReference section */
		20E2EE1E94492C29E0886FE7 /* Pods-mqttPrUITests.debug.xcconfig */ = {isa = PBXFileReference; includeInIndex = 1; lastKnownFileType = text.xcconfig; name = "Pods-mqttPrUITests.debug.xcconfig"; path = "Pods/Target Support Files/Pods-mqttPrUITests/Pods-mqttPrUITests.debug.xcconfig"; sourceTree = "<group>"; };
		2312E34628A9391A1DB3C741 /* Pods-mqttPrTests.debug.xcconfig */ = {isa = PBXFileReference; includeInIndex = 1; lastKnownFileType = text.xcconfig; name = "Pods-mqttPrTests.debug.xcconfig"; path = "Pods/Target Support Files/Pods-mqttPrTests/Pods-mqttPrTests.debug.xcconfig"; sourceTree = "<group>"; };
		3A586E885BEDBFE275CD0E10 /* Pods-mqttPr.debug.xcconfig */ = {isa = PBXFileReference; includeInIndex = 1; lastKnownFileType = text.xcconfig; name = "Pods-mqttPr.debug.xcconfig"; path = "Pods/Target Support Files/Pods-mqttPr/Pods-mqttPr.debug.xcconfig"; sourceTree = "<group>"; };
		406811A94B7C6E578AAE2D80 /* Pods_mqttPrTests.framework */ = {isa = PBXFileReference; explicitFileType = wrapper.framework; includeInIndex = 0; path = Pods_mqttPrTests.framework; sourceTree = BUILT_PRODUCTS_DIR; };
		5151F7461D76DBE600D125F5 /* mqttPr.app */ = {isa = PBXFileReference; explicitFileType = wrapper.application; includeInIndex = 0; path = mqttPr.app; sourceTree = BUILT_PRODUCTS_DIR; };
		5151F74A1D76DBE600D125F5 /* main.m */ = {isa = PBXFileReference; lastKnownFileType = sourcecode.c.objc; path = main.m; sourceTree = "<group>"; };
		5151F7531D76DBE600D125F5 /* Base */ = {isa = PBXFileReference; lastKnownFileType = file.storyboard; name = Base; path = Base.lproj/Main.storyboard; sourceTree = "<group>"; };
		5151F7551D76DBE600D125F5 /* Assets.xcassets */ = {isa = PBXFileReference; lastKnownFileType = folder.assetcatalog; path = Assets.xcassets; sourceTree = "<group>"; };
		5151F7581D76DBE600D125F5 /* Base */ = {isa = PBXFileReference; lastKnownFileType = file.storyboard; name = Base; path = Base.lproj/LaunchScreen.storyboard; sourceTree = "<group>"; };
		5151F75A1D76DBE600D125F5 /* Info.plist */ = {isa = PBXFileReference; lastKnownFileType = text.plist.xml; path = Info.plist; sourceTree = "<group>"; };
		5151F75F1D76DBE600D125F5 /* mqttPrTests.xctest */ = {isa = PBXFileReference; explicitFileType = wrapper.cfbundle; includeInIndex = 0; path = mqttPrTests.xctest; sourceTree = BUILT_PRODUCTS_DIR; };
		5151F7631D76DBE600D125F5 /* mqttPrTests.m */ = {isa = PBXFileReference; lastKnownFileType = sourcecode.c.objc; path = mqttPrTests.m; sourceTree = "<group>"; };
		5151F7651D76DBE600D125F5 /* Info.plist */ = {isa = PBXFileReference; lastKnownFileType = text.plist.xml; path = Info.plist; sourceTree = "<group>"; };
		5151F76A1D76DBE600D125F5 /* mqttPrUITests.xctest */ = {isa = PBXFileReference; explicitFileType = wrapper.cfbundle; includeInIndex = 0; path = mqttPrUITests.xctest; sourceTree = BUILT_PRODUCTS_DIR; };
		5151F76E1D76DBE600D125F5 /* mqttPrUITests.m */ = {isa = PBXFileReference; lastKnownFileType = sourcecode.c.objc; path = mqttPrUITests.m; sourceTree = "<group>"; };
		5151F7701D76DBE600D125F5 /* Info.plist */ = {isa = PBXFileReference; lastKnownFileType = text.plist.xml; path = Info.plist; sourceTree = "<group>"; };
		796796C25006A85917A6ED84 /* Pods-mqttPr.release.xcconfig */ = {isa = PBXFileReference; includeInIndex = 1; lastKnownFileType = text.xcconfig; name = "Pods-mqttPr.release.xcconfig"; path = "Pods/Target Support Files/Pods-mqttPr/Pods-mqttPr.release.xcconfig"; sourceTree = "<group>"; };
		7A5DCAD8C6E2AE0692BC6324 /* Pods_mqttPr.framework */ = {isa = PBXFileReference; explicitFileType = wrapper.framework; includeInIndex = 0; path = Pods_mqttPr.framework; sourceTree = BUILT_PRODUCTS_DIR; };
		831FB846D08D377539A91101 /* Pods-mqttPrUITests.release.xcconfig */ = {isa = PBXFileReference; includeInIndex = 1; lastKnownFileType = text.xcconfig; name = "Pods-mqttPrUITests.release.xcconfig"; path = "Pods/Target Support Files/Pods-mqttPrUITests/Pods-mqttPrUITests.release.xcconfig"; sourceTree = "<group>"; };
		C12B38EA91BBAEF7F0FF96CC /* Pods-mqttPrTests.release.xcconfig */ = {isa = PBXFileReference; includeInIndex = 1; lastKnownFileType = text.xcconfig; name = "Pods-mqttPrTests.release.xcconfig"; path = "Pods/Target Support Files/Pods-mqttPrTests/Pods-mqttPrTests.release.xcconfig"; sourceTree = "<group>"; };
		D782E6DC1D812FE000794EF7 /* AppDelegate.h */ = {isa = PBXFileReference; fileEncoding = 4; lastKnownFileType = sourcecode.c.h; path = AppDelegate.h; sourceTree = "<group>"; };
		D782E6DD1D812FE000794EF7 /* AppDelegate.m */ = {isa = PBXFileReference; fileEncoding = 4; lastKnownFileType = sourcecode.c.objc; path = AppDelegate.m; sourceTree = "<group>"; };
		D782E6DE1D812FE000794EF7 /* AwsLoginProvider.h */ = {isa = PBXFileReference; fileEncoding = 4; lastKnownFileType = sourcecode.c.h; path = AwsLoginProvider.h; sourceTree = "<group>"; };
		D782E6DF1D812FE000794EF7 /* AwsLoginProvider.m */ = {isa = PBXFileReference; fileEncoding = 4; lastKnownFileType = sourcecode.c.objc; path = AwsLoginProvider.m; sourceTree = "<group>"; };
		D782E6E01D812FE000794EF7 /* ConnectionController.h */ = {isa = PBXFileReference; fileEncoding = 4; lastKnownFileType = sourcecode.c.h; path = ConnectionController.h; sourceTree = "<group>"; };
		D782E6E11D812FE100794EF7 /* ConnectionController.m */ = {isa = PBXFileReference; fileEncoding = 4; lastKnownFileType = sourcecode.c.objc; path = ConnectionController.m; sourceTree = "<group>"; };
		D782E6E21D812FE100794EF7 /* DeveloperAuthenticatedIdentityProvider.h */ = {isa = PBXFileReference; fileEncoding = 4; lastKnownFileType = sourcecode.c.h; path = DeveloperAuthenticatedIdentityProvider.h; sourceTree = "<group>"; };
		D782E6E31D812FE100794EF7 /* DeveloperAuthenticatedIdentityProvider.m */ = {isa = PBXFileReference; fileEncoding = 4; lastKnownFileType = sourcecode.c.objc; path = DeveloperAuthenticatedIdentityProvider.m; sourceTree = "<group>"; };
		D782E6E41D812FE100794EF7 /* SubscriptionController.h */ = {isa = PBXFileReference; fileEncoding = 4; lastKnownFileType = sourcecode.c.h; path = SubscriptionController.h; sourceTree = "<group>"; };
		D782E6E51D812FE100794EF7 /* SubscriptionController.m */ = {isa = PBXFileReference; fileEncoding = 4; lastKnownFileType = sourcecode.c.objc; path = SubscriptionController.m; sourceTree = "<group>"; };
		D782E6E61D812FE100794EF7 /* ViewController.h */ = {isa = PBXFileReference; fileEncoding = 4; lastKnownFileType = sourcecode.c.h; path = ViewController.h; sourceTree = "<group>"; };
		D782E6E71D812FE100794EF7 /* ViewController.m */ = {isa = PBXFileReference; fileEncoding = 4; lastKnownFileType = sourcecode.c.objc; path = ViewController.m; sourceTree = "<group>"; };
		FF77BDD0B3DCA6ECB291B6EF /* Pods_mqttPrUITests.framework */ = {isa = PBXFileReference; explicitFileType = wrapper.framework; includeInIndex = 0; path = Pods_mqttPrUITests.framework; sourceTree = BUILT_PRODUCTS_DIR; };
/* End PBXFileReference section */

/* Begin PBXFrameworksBuildPhase section */
		5151F7431D76DBE600D125F5 /* Frameworks */ = {
			isa = PBXFrameworksBuildPhase;
			buildActionMask = 2147483647;
			files = (
				F30DA8ECC5F3BA8FC79C0FA7 /* Pods_mqttPr.framework in Frameworks */,
			);
			runOnlyForDeploymentPostprocessing = 0;
		};
		5151F75C1D76DBE600D125F5 /* Frameworks */ = {
			isa = PBXFrameworksBuildPhase;
			buildActionMask = 2147483647;
			files = (
				76A62466CFA12DEB9087B34D /* Pods_mqttPrTests.framework in Frameworks */,
			);
			runOnlyForDeploymentPostprocessing = 0;
		};
		5151F7671D76DBE600D125F5 /* Frameworks */ = {
			isa = PBXFrameworksBuildPhase;
			buildActionMask = 2147483647;
			files = (
				66899A4DCB96AA9329AE2292 /* Pods_mqttPrUITests.framework in Frameworks */,
			);
			runOnlyForDeploymentPostprocessing = 0;
		};
/* End PBXFrameworksBuildPhase section */

/* Begin PBXGroup section */
		5151F73D1D76DBE600D125F5 = {
			isa = PBXGroup;
			children = (
				5151F7481D76DBE600D125F5 /* mqttPr */,
				5151F7621D76DBE600D125F5 /* mqttPrTests */,
				5151F76D1D76DBE600D125F5 /* mqttPrUITests */,
				5151F7471D76DBE600D125F5 /* Products */,
				80B2FEDC2F35A6E22BAF2A05 /* Pods */,
				AC2A133A53B38B83F2FCBA19 /* Frameworks */,
			);
			sourceTree = "<group>";
		};
		5151F7471D76DBE600D125F5 /* Products */ = {
			isa = PBXGroup;
			children = (
				5151F7461D76DBE600D125F5 /* mqttPr.app */,
				5151F75F1D76DBE600D125F5 /* mqttPrTests.xctest */,
				5151F76A1D76DBE600D125F5 /* mqttPrUITests.xctest */,
			);
			name = Products;
			sourceTree = "<group>";
		};
		5151F7481D76DBE600D125F5 /* mqttPr */ = {
			isa = PBXGroup;
			children = (
				D782E6DC1D812FE000794EF7 /* AppDelegate.h */,
				D782E6DD1D812FE000794EF7 /* AppDelegate.m */,
				D782E6DE1D812FE000794EF7 /* AwsLoginProvider.h */,
				D782E6DF1D812FE000794EF7 /* AwsLoginProvider.m */,
				D782E6E01D812FE000794EF7 /* ConnectionController.h */,
				D782E6E11D812FE100794EF7 /* ConnectionController.m */,
				D782E6E21D812FE100794EF7 /* DeveloperAuthenticatedIdentityProvider.h */,
				D782E6E31D812FE100794EF7 /* DeveloperAuthenticatedIdentityProvider.m */,
				D782E6E41D812FE100794EF7 /* SubscriptionController.h */,
				D782E6E51D812FE100794EF7 /* SubscriptionController.m */,
				D782E6E61D812FE100794EF7 /* ViewController.h */,
				D782E6E71D812FE100794EF7 /* ViewController.m */,
				5151F7521D76DBE600D125F5 /* Main.storyboard */,
				5151F7551D76DBE600D125F5 /* Assets.xcassets */,
				5151F7571D76DBE600D125F5 /* LaunchScreen.storyboard */,
				5151F75A1D76DBE600D125F5 /* Info.plist */,
				5151F7491D76DBE600D125F5 /* Supporting Files */,
			);
			path = mqttPr;
			sourceTree = "<group>";
		};
		5151F7491D76DBE600D125F5 /* Supporting Files */ = {
			isa = PBXGroup;
			children = (
				5151F74A1D76DBE600D125F5 /* main.m */,
			);
			name = "Supporting Files";
			sourceTree = "<group>";
		};
		5151F7621D76DBE600D125F5 /* mqttPrTests */ = {
			isa = PBXGroup;
			children = (
				5151F7631D76DBE600D125F5 /* mqttPrTests.m */,
				5151F7651D76DBE600D125F5 /* Info.plist */,
			);
			path = mqttPrTests;
			sourceTree = "<group>";
		};
		5151F76D1D76DBE600D125F5 /* mqttPrUITests */ = {
			isa = PBXGroup;
			children = (
				5151F76E1D76DBE600D125F5 /* mqttPrUITests.m */,
				5151F7701D76DBE600D125F5 /* Info.plist */,
			);
			path = mqttPrUITests;
			sourceTree = "<group>";
		};
		80B2FEDC2F35A6E22BAF2A05 /* Pods */ = {
			isa = PBXGroup;
			children = (
				3A586E885BEDBFE275CD0E10 /* Pods-mqttPr.debug.xcconfig */,
				796796C25006A85917A6ED84 /* Pods-mqttPr.release.xcconfig */,
				2312E34628A9391A1DB3C741 /* Pods-mqttPrTests.debug.xcconfig */,
				C12B38EA91BBAEF7F0FF96CC /* Pods-mqttPrTests.release.xcconfig */,
				20E2EE1E94492C29E0886FE7 /* Pods-mqttPrUITests.debug.xcconfig */,
				831FB846D08D377539A91101 /* Pods-mqttPrUITests.release.xcconfig */,
			);
			name = Pods;
			sourceTree = "<group>";
		};
		AC2A133A53B38B83F2FCBA19 /* Frameworks */ = {
			isa = PBXGroup;
			children = (
				7A5DCAD8C6E2AE0692BC6324 /* Pods_mqttPr.framework */,
				406811A94B7C6E578AAE2D80 /* Pods_mqttPrTests.framework */,
				FF77BDD0B3DCA6ECB291B6EF /* Pods_mqttPrUITests.framework */,
			);
			name = Frameworks;
			sourceTree = "<group>";
		};
/* End PBXGroup section */

/* Begin PBXNativeTarget section */
		5151F7451D76DBE600D125F5 /* mqttPr */ = {
			isa = PBXNativeTarget;
			buildConfigurationList = 5151F7731D76DBE600D125F5 /* Build configuration list for PBXNativeTarget "mqttPr" */;
			buildPhases = (
				7CC9D219423D2F6F55BCFE12 /* [CP] Check Pods Manifest.lock */,
				5151F7421D76DBE600D125F5 /* Sources */,
				5151F7431D76DBE600D125F5 /* Frameworks */,
				5151F7441D76DBE600D125F5 /* Resources */,
				4B9B36E68E5721749E8AC514 /* [CP] Embed Pods Frameworks */,
				912353FF07AD3C60AE9F4F49 /* [CP] Copy Pods Resources */,
			);
			buildRules = (
			);
			dependencies = (
			);
			name = mqttPr;
			productName = mqttPr;
			productReference = 5151F7461D76DBE600D125F5 /* mqttPr.app */;
			productType = "com.apple.product-type.application";
		};
		5151F75E1D76DBE600D125F5 /* mqttPrTests */ = {
			isa = PBXNativeTarget;
			buildConfigurationList = 5151F7761D76DBE600D125F5 /* Build configuration list for PBXNativeTarget "mqttPrTests" */;
			buildPhases = (
				F437044EF3F5BA4FD809EE7A /* [CP] Check Pods Manifest.lock */,
				5151F75B1D76DBE600D125F5 /* Sources */,
				5151F75C1D76DBE600D125F5 /* Frameworks */,
				5151F75D1D76DBE600D125F5 /* Resources */,
				DF2E337E4B3981D89292BF56 /* [CP] Embed Pods Frameworks */,
				9F5A5FF949594F20B02341BB /* [CP] Copy Pods Resources */,
			);
			buildRules = (
			);
			dependencies = (
				5151F7611D76DBE600D125F5 /* PBXTargetDependency */,
			);
			name = mqttPrTests;
			productName = mqttPrTests;
			productReference = 5151F75F1D76DBE600D125F5 /* mqttPrTests.xctest */;
			productType = "com.apple.product-type.bundle.unit-test";
		};
		5151F7691D76DBE600D125F5 /* mqttPrUITests */ = {
			isa = PBXNativeTarget;
			buildConfigurationList = 5151F7791D76DBE600D125F5 /* Build configuration list for PBXNativeTarget "mqttPrUITests" */;
			buildPhases = (
				92293B8E829B3AB34B87F09C /* [CP] Check Pods Manifest.lock */,
				5151F7661D76DBE600D125F5 /* Sources */,
				5151F7671D76DBE600D125F5 /* Frameworks */,
				5151F7681D76DBE600D125F5 /* Resources */,
				C6EF2824F495B1B0CEDCDD11 /* [CP] Copy Pods Resources */,
			);
			buildRules = (
			);
			dependencies = (
				5151F76C1D76DBE600D125F5 /* PBXTargetDependency */,
			);
			name = mqttPrUITests;
			productName = mqttPrUITests;
			productReference = 5151F76A1D76DBE600D125F5 /* mqttPrUITests.xctest */;
			productType = "com.apple.product-type.bundle.ui-testing";
		};
/* End PBXNativeTarget section */

/* Begin PBXProject section */
		5151F73E1D76DBE600D125F5 /* Project object */ = {
			isa = PBXProject;
			attributes = {
				LastUpgradeCheck = 0730;
				ORGANIZATIONNAME = "luv mehta";
				TargetAttributes = {
					5151F7451D76DBE600D125F5 = {
						CreatedOnToolsVersion = 7.3.1;
					};
					5151F75E1D76DBE600D125F5 = {
						CreatedOnToolsVersion = 7.3.1;
						TestTargetID = 5151F7451D76DBE600D125F5;
					};
					5151F7691D76DBE600D125F5 = {
						CreatedOnToolsVersion = 7.3.1;
						TestTargetID = 5151F7451D76DBE600D125F5;
					};
				};
			};
			buildConfigurationList = 5151F7411D76DBE600D125F5 /* Build configuration list for PBXProject "mqttPr" */;
			compatibilityVersion = "Xcode 3.2";
			developmentRegion = English;
			hasScannedForEncodings = 0;
			knownRegions = (
				en,
				Base,
			);
			mainGroup = 5151F73D1D76DBE600D125F5;
			productRefGroup = 5151F7471D76DBE600D125F5 /* Products */;
			projectDirPath = "";
			projectRoot = "";
			targets = (
				5151F7451D76DBE600D125F5 /* mqttPr */,
				5151F75E1D76DBE600D125F5 /* mqttPrTests */,
				5151F7691D76DBE600D125F5 /* mqttPrUITests */,
			);
		};
/* End PBXProject section */

/* Begin PBXResourcesBuildPhase section */
		5151F7441D76DBE600D125F5 /* Resources */ = {
			isa = PBXResourcesBuildPhase;
			buildActionMask = 2147483647;
			files = (
				5151F7591D76DBE600D125F5 /* LaunchScreen.storyboard in Resources */,
				5151F7561D76DBE600D125F5 /* Assets.xcassets in Resources */,
				5151F7541D76DBE600D125F5 /* Main.storyboard in Resources */,
			);
			runOnlyForDeploymentPostprocessing = 0;
		};
		5151F75D1D76DBE600D125F5 /* Resources */ = {
			isa = PBXResourcesBuildPhase;
			buildActionMask = 2147483647;
			files = (
			);
			runOnlyForDeploymentPostprocessing = 0;
		};
		5151F7681D76DBE600D125F5 /* Resources */ = {
			isa = PBXResourcesBuildPhase;
			buildActionMask = 2147483647;
			files = (
			);
			runOnlyForDeploymentPostprocessing = 0;
		};
/* End PBXResourcesBuildPhase section */

/* Begin PBXShellScriptBuildPhase section */
		4B9B36E68E5721749E8AC514 /* [CP] Embed Pods Frameworks */ = {
			isa = PBXShellScriptBuildPhase;
			buildActionMask = 2147483647;
			files = (
			);
			inputPaths = (
			);
			name = "[CP] Embed Pods Frameworks";
			outputPaths = (
			);
			runOnlyForDeploymentPostprocessing = 0;
			shellPath = /bin/sh;
			shellScript = "\"${SRCROOT}/Pods/Target Support Files/Pods-mqttPr/Pods-mqttPr-frameworks.sh\"\n";
			showEnvVarsInLog = 0;
		};
		7CC9D219423D2F6F55BCFE12 /* [CP] Check Pods Manifest.lock */ = {
			isa = PBXShellScriptBuildPhase;
			buildActionMask = 2147483647;
			files = (
			);
			inputPaths = (
			);
			name = "[CP] Check Pods Manifest.lock";
			outputPaths = (
			);
			runOnlyForDeploymentPostprocessing = 0;
			shellPath = /bin/sh;
			shellScript = "diff \"${PODS_ROOT}/../Podfile.lock\" \"${PODS_ROOT}/Manifest.lock\" > /dev/null\nif [[ $? != 0 ]] ; then\n    cat << EOM\nerror: The sandbox is not in sync with the Podfile.lock. Run 'pod install' or update your CocoaPods installation.\nEOM\n    exit 1\nfi\n";
			showEnvVarsInLog = 0;
		};
		912353FF07AD3C60AE9F4F49 /* [CP] Copy Pods Resources */ = {
			isa = PBXShellScriptBuildPhase;
			buildActionMask = 2147483647;
			files = (
			);
			inputPaths = (
			);
			name = "[CP] Copy Pods Resources";
			outputPaths = (
			);
			runOnlyForDeploymentPostprocessing = 0;
			shellPath = /bin/sh;
			shellScript = "\"${SRCROOT}/Pods/Target Support Files/Pods-mqttPr/Pods-mqttPr-resources.sh\"\n";
			showEnvVarsInLog = 0;
		};
		92293B8E829B3AB34B87F09C /* [CP] Check Pods Manifest.lock */ = {
			isa = PBXShellScriptBuildPhase;
			buildActionMask = 2147483647;
			files = (
			);
			inputPaths = (
			);
			name = "[CP] Check Pods Manifest.lock";
			outputPaths = (
			);
			runOnlyForDeploymentPostprocessing = 0;
			shellPath = /bin/sh;
			shellScript = "diff \"${PODS_ROOT}/../Podfile.lock\" \"${PODS_ROOT}/Manifest.lock\" > /dev/null\nif [[ $? != 0 ]] ; then\n    cat << EOM\nerror: The sandbox is not in sync with the Podfile.lock. Run 'pod install' or update your CocoaPods installation.\nEOM\n    exit 1\nfi\n";
			showEnvVarsInLog = 0;
		};
		9F5A5FF949594F20B02341BB /* [CP] Copy Pods Resources */ = {
			isa = PBXShellScriptBuildPhase;
			buildActionMask = 2147483647;
			files = (
			);
			inputPaths = (
			);
			name = "[CP] Copy Pods Resources";
			outputPaths = (
			);
			runOnlyForDeploymentPostprocessing = 0;
			shellPath = /bin/sh;
			shellScript = "\"${SRCROOT}/Pods/Target Support Files/Pods-mqttPrTests/Pods-mqttPrTests-resources.sh\"\n";
			showEnvVarsInLog = 0;
		};
		C6EF2824F495B1B0CEDCDD11 /* [CP] Copy Pods Resources */ = {
			isa = PBXShellScriptBuildPhase;
			buildActionMask = 2147483647;
			files = (
			);
			inputPaths = (
			);
			name = "[CP] Copy Pods Resources";
			outputPaths = (
			);
			runOnlyForDeploymentPostprocessing = 0;
			shellPath = /bin/sh;
			shellScript = "\"${SRCROOT}/Pods/Target Support Files/Pods-mqttPrUITests/Pods-mqttPrUITests-resources.sh\"\n";
			showEnvVarsInLog = 0;
		};
		DF2E337E4B3981D89292BF56 /* [CP] Embed Pods Frameworks */ = {
			isa = PBXShellScriptBuildPhase;
			buildActionMask = 2147483647;
			files = (
			);
			inputPaths = (
			);
			name = "[CP] Embed Pods Frameworks";
			outputPaths = (
			);
			runOnlyForDeploymentPostprocessing = 0;
			shellPath = /bin/sh;
			shellScript = "\"${SRCROOT}/Pods/Target Support Files/Pods-mqttPrTests/Pods-mqttPrTests-frameworks.sh\"\n";
			showEnvVarsInLog = 0;
		};
		F437044EF3F5BA4FD809EE7A /* [CP] Check Pods Manifest.lock */ = {
			isa = PBXShellScriptBuildPhase;
			buildActionMask = 2147483647;
			files = (
			);
			inputPaths = (
			);
			name = "[CP] Check Pods Manifest.lock";
			outputPaths = (
			);
			runOnlyForDeploymentPostprocessing = 0;
			shellPath = /bin/sh;
			shellScript = "diff \"${PODS_ROOT}/../Podfile.lock\" \"${PODS_ROOT}/Manifest.lock\" > /dev/null\nif [[ $? != 0 ]] ; then\n    cat << EOM\nerror: The sandbox is not in sync with the Podfile.lock. Run 'pod install' or update your CocoaPods installation.\nEOM\n    exit 1\nfi\n";
			showEnvVarsInLog = 0;
		};
/* End PBXShellScriptBuildPhase section */

/* Begin PBXSourcesBuildPhase section */
		5151F7421D76DBE600D125F5 /* Sources */ = {
			isa = PBXSourcesBuildPhase;
			buildActionMask = 2147483647;
			files = (
				D782E6ED1D812FE100794EF7 /* ViewController.m in Sources */,
				D782E6EB1D812FE100794EF7 /* DeveloperAuthenticatedIdentityProvider.m in Sources */,
				D782E6E91D812FE100794EF7 /* AwsLoginProvider.m in Sources */,
				D782E6EC1D812FE100794EF7 /* SubscriptionController.m in Sources */,
				D782E6EA1D812FE100794EF7 /* ConnectionController.m in Sources */,
				D782E6E81D812FE100794EF7 /* AppDelegate.m in Sources */,
				5151F74B1D76DBE600D125F5 /* main.m in Sources */,
			);
			runOnlyForDeploymentPostprocessing = 0;
		};
		5151F75B1D76DBE600D125F5 /* Sources */ = {
			isa = PBXSourcesBuildPhase;
			buildActionMask = 2147483647;
			files = (
				5151F7641D76DBE600D125F5 /* mqttPrTests.m in Sources */,
			);
			runOnlyForDeploymentPostprocessing = 0;
		};
		5151F7661D76DBE600D125F5 /* Sources */ = {
			isa = PBXSourcesBuildPhase;
			buildActionMask = 2147483647;
			files = (
				5151F76F1D76DBE600D125F5 /* mqttPrUITests.m in Sources */,
			);
			runOnlyForDeploymentPostprocessing = 0;
		};
/* End PBXSourcesBuildPhase section */

/* Begin PBXTargetDependency section */
		5151F7611D76DBE600D125F5 /* PBXTargetDependency */ = {
			isa = PBXTargetDependency;
			target = 5151F7451D76DBE600D125F5 /* mqttPr */;
			targetProxy = 5151F7601D76DBE600D125F5 /* PBXContainerItemProxy */;
		};
		5151F76C1D76DBE600D125F5 /* PBXTargetDependency */ = {
			isa = PBXTargetDependency;
			target = 5151F7451D76DBE600D125F5 /* mqttPr */;
			targetProxy = 5151F76B1D76DBE600D125F5 /* PBXContainerItemProxy */;
		};
/* End PBXTargetDependency section */

/* Begin PBXVariantGroup section */
		5151F7521D76DBE600D125F5 /* Main.storyboard */ = {
			isa = PBXVariantGroup;
			children = (
				5151F7531D76DBE600D125F5 /* Base */,
			);
			name = Main.storyboard;
			sourceTree = "<group>";
		};
		5151F7571D76DBE600D125F5 /* LaunchScreen.storyboard */ = {
			isa = PBXVariantGroup;
			children = (
				5151F7581D76DBE600D125F5 /* Base */,
			);
			name = LaunchScreen.storyboard;
			sourceTree = "<group>";
		};
/* End PBXVariantGroup section */

/* Begin XCBuildConfiguration section */
		5151F7711D76DBE600D125F5 /* Debug */ = {
			isa = XCBuildConfiguration;
			buildSettings = {
				ALWAYS_SEARCH_USER_PATHS = NO;
				CLANG_ANALYZER_NONNULL = YES;
				CLANG_CXX_LANGUAGE_STANDARD = "gnu++0x";
				CLANG_CXX_LIBRARY = "libc++";
				CLANG_ENABLE_MODULES = YES;
				CLANG_ENABLE_OBJC_ARC = YES;
				CLANG_WARN_BOOL_CONVERSION = YES;
				CLANG_WARN_CONSTANT_CONVERSION = YES;
				CLANG_WARN_DIRECT_OBJC_ISA_USAGE = YES_ERROR;
				CLANG_WARN_EMPTY_BODY = YES;
				CLANG_WARN_ENUM_CONVERSION = YES;
				CLANG_WARN_INT_CONVERSION = YES;
				CLANG_WARN_OBJC_ROOT_CLASS = YES_ERROR;
				CLANG_WARN_UNREACHABLE_CODE = YES;
				CLANG_WARN__DUPLICATE_METHOD_MATCH = YES;
				"CODE_SIGN_IDENTITY[sdk=iphoneos*]" = "iPhone Developer";
				COPY_PHASE_STRIP = NO;
				DEBUG_INFORMATION_FORMAT = dwarf;
				ENABLE_STRICT_OBJC_MSGSEND = YES;
				ENABLE_TESTABILITY = YES;
				GCC_C_LANGUAGE_STANDARD = gnu99;
				GCC_DYNAMIC_NO_PIC = NO;
				GCC_NO_COMMON_BLOCKS = YES;
				GCC_OPTIMIZATION_LEVEL = 0;
				GCC_PREPROCESSOR_DEFINITIONS = (
					"DEBUG=1",
					"$(inherited)",
				);
				GCC_WARN_64_TO_32_BIT_CONVERSION = YES;
				GCC_WARN_ABOUT_RETURN_TYPE = YES_ERROR;
				GCC_WARN_UNDECLARED_SELECTOR = YES;
				GCC_WARN_UNINITIALIZED_AUTOS = YES_AGGRESSIVE;
				GCC_WARN_UNUSED_FUNCTION = YES;
				GCC_WARN_UNUSED_VARIABLE = YES;
				IPHONEOS_DEPLOYMENT_TARGET = 9.3;
				MTL_ENABLE_DEBUG_INFO = YES;
				ONLY_ACTIVE_ARCH = YES;
				SDKROOT = iphoneos;
				TARGETED_DEVICE_FAMILY = "1,2";
			};
			name = Debug;
		};
		5151F7721D76DBE600D125F5 /* Release */ = {
			isa = XCBuildConfiguration;
			buildSettings = {
				ALWAYS_SEARCH_USER_PATHS = NO;
				CLANG_ANALYZER_NONNULL = YES;
				CLANG_CXX_LANGUAGE_STANDARD = "gnu++0x";
				CLANG_CXX_LIBRARY = "libc++";
				CLANG_ENABLE_MODULES = YES;
				CLANG_ENABLE_OBJC_ARC = YES;
				CLANG_WARN_BOOL_CONVERSION = YES;
				CLANG_WARN_CONSTANT_CONVERSION = YES;
				CLANG_WARN_DIRECT_OBJC_ISA_USAGE = YES_ERROR;
				CLANG_WARN_EMPTY_BODY = YES;
				CLANG_WARN_ENUM_CONVERSION = YES;
				CLANG_WARN_INT_CONVERSION = YES;
				CLANG_WARN_OBJC_ROOT_CLASS = YES_ERROR;
				CLANG_WARN_UNREACHABLE_CODE = YES;
				CLANG_WARN__DUPLICATE_METHOD_MATCH = YES;
				"CODE_SIGN_IDENTITY[sdk=iphoneos*]" = "iPhone Developer";
				COPY_PHASE_STRIP = NO;
				DEBUG_INFORMATION_FORMAT = "dwarf-with-dsym";
				ENABLE_NS_ASSERTIONS = NO;
				ENABLE_STRICT_OBJC_MSGSEND = YES;
				GCC_C_LANGUAGE_STANDARD = gnu99;
				GCC_NO_COMMON_BLOCKS = YES;
				GCC_WARN_64_TO_32_BIT_CONVERSION = YES;
				GCC_WARN_ABOUT_RETURN_TYPE = YES_ERROR;
				GCC_WARN_UNDECLARED_SELECTOR = YES;
				GCC_WARN_UNINITIALIZED_AUTOS = YES_AGGRESSIVE;
				GCC_WARN_UNUSED_FUNCTION = YES;
				GCC_WARN_UNUSED_VARIABLE = YES;
				IPHONEOS_DEPLOYMENT_TARGET = 9.3;
				MTL_ENABLE_DEBUG_INFO = NO;
				SDKROOT = iphoneos;
				TARGETED_DEVICE_FAMILY = "1,2";
				VALIDATE_PRODUCT = YES;
			};
			name = Release;
		};
		5151F7741D76DBE600D125F5 /* Debug */ = {
			isa = XCBuildConfiguration;
			baseConfigurationReference = 3A586E885BEDBFE275CD0E10 /* Pods-mqttPr.debug.xcconfig */;
			buildSettings = {
				ASSETCATALOG_COMPILER_APPICON_NAME = AppIcon;
				INFOPLIST_FILE = mqttPr/Info.plist;
				IPHONEOS_DEPLOYMENT_TARGET = 8.0;
				LD_RUNPATH_SEARCH_PATHS = "$(inherited) @executable_path/Frameworks";
				PRODUCT_BUNDLE_IDENTIFIER = bitcanny.mqttPr;
				PRODUCT_NAME = "$(TARGET_NAME)";
			};
			name = Debug;
		};
		5151F7751D76DBE600D125F5 /* Release */ = {
			isa = XCBuildConfiguration;
			baseConfigurationReference = 796796C25006A85917A6ED84 /* Pods-mqttPr.release.xcconfig */;
			buildSettings = {
				ASSETCATALOG_COMPILER_APPICON_NAME = AppIcon;
				INFOPLIST_FILE = mqttPr/Info.plist;
				IPHONEOS_DEPLOYMENT_TARGET = 8.0;
				LD_RUNPATH_SEARCH_PATHS = "$(inherited) @executable_path/Frameworks";
				PRODUCT_BUNDLE_IDENTIFIER = bitcanny.mqttPr;
				PRODUCT_NAME = "$(TARGET_NAME)";
			};
			name = Release;
		};
		5151F7771D76DBE600D125F5 /* Debug */ = {
			isa = XCBuildConfiguration;
			baseConfigurationReference = 2312E34628A9391A1DB3C741 /* Pods-mqttPrTests.debug.xcconfig */;
			buildSettings = {
				BUNDLE_LOADER = "$(TEST_HOST)";
				INFOPLIST_FILE = mqttPrTests/Info.plist;
				LD_RUNPATH_SEARCH_PATHS = "$(inherited) @executable_path/Frameworks @loader_path/Frameworks";
				PRODUCT_BUNDLE_IDENTIFIER = bitcanny.mqttPrTests;
				PRODUCT_NAME = "$(TARGET_NAME)";
				TEST_HOST = "$(BUILT_PRODUCTS_DIR)/mqttPr.app/mqttPr";
			};
			name = Debug;
		};
		5151F7781D76DBE600D125F5 /* Release */ = {
			isa = XCBuildConfiguration;
			baseConfigurationReference = C12B38EA91BBAEF7F0FF96CC /* Pods-mqttPrTests.release.xcconfig */;
			buildSettings = {
				BUNDLE_LOADER = "$(TEST_HOST)";
				INFOPLIST_FILE = mqttPrTests/Info.plist;
				LD_RUNPATH_SEARCH_PATHS = "$(inherited) @executable_path/Frameworks @loader_path/Frameworks";
				PRODUCT_BUNDLE_IDENTIFIER = bitcanny.mqttPrTests;
				PRODUCT_NAME = "$(TARGET_NAME)";
				TEST_HOST = "$(BUILT_PRODUCTS_DIR)/mqttPr.app/mqttPr";
			};
			name = Release;
		};
		5151F77A1D76DBE600D125F5 /* Debug */ = {
			isa = XCBuildConfiguration;
			baseConfigurationReference = 20E2EE1E94492C29E0886FE7 /* Pods-mqttPrUITests.debug.xcconfig */;
			buildSettings = {
				INFOPLIST_FILE = mqttPrUITests/Info.plist;
				LD_RUNPATH_SEARCH_PATHS = "$(inherited) @executable_path/Frameworks @loader_path/Frameworks";
				PRODUCT_BUNDLE_IDENTIFIER = bitcanny.mqttPrUITests;
				PRODUCT_NAME = "$(TARGET_NAME)";
				TEST_TARGET_NAME = mqttPr;
			};
			name = Debug;
		};
		5151F77B1D76DBE600D125F5 /* Release */ = {
			isa = XCBuildConfiguration;
			baseConfigurationReference = 831FB846D08D377539A91101 /* Pods-mqttPrUITests.release.xcconfig */;
			buildSettings = {
				INFOPLIST_FILE = mqttPrUITests/Info.plist;
				LD_RUNPATH_SEARCH_PATHS = "$(inherited) @executable_path/Frameworks @loader_path/Frameworks";
				PRODUCT_BUNDLE_IDENTIFIER = bitcanny.mqttPrUITests;
				PRODUCT_NAME = "$(TARGET_NAME)";
				TEST_TARGET_NAME = mqttPr;
			};
			name = Release;
		};
/* End XCBuildConfiguration section */

/* Begin XCConfigurationList section */
		5151F7411D76DBE600D125F5 /* Build configuration list for PBXProject "mqttPr" */ = {
			isa = XCConfigurationList;
			buildConfigurations = (
				5151F7711D76DBE600D125F5 /* Debug */,
				5151F7721D76DBE600D125F5 /* Release */,
			);
			defaultConfigurationIsVisible = 0;
			defaultConfigurationName = Release;
		};
		5151F7731D76DBE600D125F5 /* Build configuration list for PBXNativeTarget "mqttPr" */ = {
			isa = XCConfigurationList;
			buildConfigurations = (
				5151F7741D76DBE600D125F5 /* Debug */,
				5151F7751D76DBE600D125F5 /* Release */,
			);
			defaultConfigurationIsVisible = 0;
			defaultConfigurationName = Release;
		};
		5151F7761D76DBE600D125F5 /* Build configuration list for PBXNativeTarget "mqttPrTests" */ = {
			isa = XCConfigurationList;
			buildConfigurations = (
				5151F7771D76DBE600D125F5 /* Debug */,
				5151F7781D76DBE600D125F5 /* Release */,
			);
			defaultConfigurationIsVisible = 0;
			defaultConfigurationName = Release;
		};
		5151F7791D76DBE600D125F5 /* Build configuration list for PBXNativeTarget "mqttPrUITests" */ = {
			isa = XCConfigurationList;
			buildConfigurations = (
				5151F77A1D76DBE600D125F5 /* Debug */,
				5151F77B1D76DBE600D125F5 /* Release */,
			);
			defaultConfigurationIsVisible = 0;
			defaultConfigurationName = Release;
		};
/* End XCConfigurationList section */
	};
	rootObject = 5151F73E1D76DBE600D125F5 /* Project object */;
}
